
Microsoft Visual Studio Solution File, Format Version 12.00
# Visual Studio Version 17
VisualStudioVersion = 17.10.34928.147
MinimumVisualStudioVersion = 10.0.40219.1
Project("{FAE04EC0-301F-11D3-BF4B-00C04F79EFBC}") = "MockWebApp", "MockWebApp\MockWebApp.csproj", "{303A77E0-2896-4F1F-AF85-81812FCDA3AE}"
EndProject
Global
	GlobalSection(SolutionConfigurationPlatforms) = preSolution
		Debug|Any CPU = Debug|Any CPU
		Release|Any CPU = Release|Any CPU
	EndGlobalSection
	GlobalSection(ProjectConfigurationPlatforms) = postSolution
		{303A77E0-2896-4F1F-AF85-81812FCDA3AE}.Debug|Any CPU.ActiveCfg = Debug|Any CPU
		{303A77E0-2896-4F1F-AF85-81812FCDA3AE}.Debug|Any CPU.Build.0 = Debug|Any CPU
		{303A77E0-2896-4F1F-AF85-81812FCDA3AE}.Release|Any CPU.ActiveCfg = Release|Any CPU
		{303A77E0-2896-4F1F-AF85-81812FCDA3AE}.Release|Any CPU.Build.0 = Release|Any CPU
	EndGlobalSection
	GlobalSection(SolutionProperties) = preSolution
		HideSolutionNode = FALSE
	EndGlobalSection
	GlobalSection(ExtensibilityGlobals) = postSolution
		SolutionGuid = {F4F614DB-D5E9-4E5F-8A89-A710897398C9}
	EndGlobalSection
EndGlobal
